// !$*UTF8*$!
{
	archiveVersion = 1;
	classes = {
	};
	objectVersion = 70;
	objects = {

/* Begin PBXBuildFile section */
		6F2360712C361E4900AFC164 /* FlexApp.swift in Sources */ = {isa = PBXBuildFile; fileRef = 6F2360702C361E4900AFC164 /* FlexApp.swift */; };
		6F2360732C361E4900AFC164 /* BLEPairingView.swift in Sources */ = {isa = PBXBuildFile; fileRef = 6F2360722C361E4900AFC164 /* BLEPairingView.swift */; };
		6F2360752C361E4B00AFC164 /* Assets.xcassets in Resources */ = {isa = PBXBuildFile; fileRef = 6F2360742C361E4B00AFC164 /* Assets.xcassets */; };
		6F2360802C36354D00AFC164 /* InterfaceOrientation in Frameworks */ = {isa = PBXBuildFile; productRef = 6F23607F2C36354D00AFC164 /* InterfaceOrientation */; };
		6F378A0F2C376CD900A7D898 /* AccessorySessionManager.swift in Sources */ = {isa = PBXBuildFile; fileRef = 6F378A0E2C376CC200A7D898 /* AccessorySessionManager.swift */; };
		6F378A112C37A35C00A7D898 /* AccessoryModel.swift in Sources */ = {isa = PBXBuildFile; fileRef = 6F378A102C37A35C00A7D898 /* AccessoryModel.swift */; };
		6F378A132C37A3C500A7D898 /* PairedView.swift in Sources */ = {isa = PBXBuildFile; fileRef = 6F378A122C37A3C500A7D898 /* PairedView.swift */; };
		6F378A152C37C2EE00A7D898 /* PlacementInstructionView.swift in Sources */ = {isa = PBXBuildFile; fileRef = 6F378A142C37C2EE00A7D898 /* PlacementInstructionView.swift */; };
		6F378A172C37C34C00A7D898 /* AccessoryPosition.swift in Sources */ = {isa = PBXBuildFile; fileRef = 6F378A162C37C34600A7D898 /* AccessoryPosition.swift */; };
		6F378A1F2C37C84A00A7D898 /* PlayerView.swift in Sources */ = {isa = PBXBuildFile; fileRef = 6F378A1E2C37C84500A7D898 /* PlayerView.swift */; };
		BB4BF6E72C5B2E86004AE705 /* CKUserModel.swift in Sources */ = {isa = PBXBuildFile; fileRef = BB4BF6E62C5B2E83004AE705 /* CKUserModel.swift */; };
		BB4BF6E92C5B2EC7004AE705 /* CKUtility.swift in Sources */ = {isa = PBXBuildFile; fileRef = BB4BF6E82C5B2EB0004AE705 /* CKUtility.swift */; };
		BB4BF6EB2C5B2EF6004AE705 /* CKWorkoutModel.swift in Sources */ = {isa = PBXBuildFile; fileRef = BB4BF6EA2C5B2EF3004AE705 /* CKWorkoutModel.swift */; };
		BBD59F682C3F364D00549B22 /* PreWorkoutSummaryView.swift in Sources */ = {isa = PBXBuildFile; fileRef = BBD59F672C3F364D00549B22 /* PreWorkoutSummaryView.swift */; };
		BBD59F6A2C3F36A000549B22 /* WorkoutActiveView.swift in Sources */ = {isa = PBXBuildFile; fileRef = BBD59F692C3F36A000549B22 /* WorkoutActiveView.swift */; };
		BBD59F6C2C3F36B400549B22 /* WorkoutSetBreakView.swift in Sources */ = {isa = PBXBuildFile; fileRef = BBD59F6B2C3F36B400549B22 /* WorkoutSetBreakView.swift */; };
		BBD59F6E2C3F36C400549B22 /* WorkoutRePlaceView.swift in Sources */ = {isa = PBXBuildFile; fileRef = BBD59F6D2C3F36C400549B22 /* WorkoutRePlaceView.swift */; };
		F08D37202C38AD1600633F53 /* PlacementHoldView.swift in Sources */ = {isa = PBXBuildFile; fileRef = F08D371F2C38AD1000633F53 /* PlacementHoldView.swift */; };
		F08D37912C3DE32C00633F53 /* SignInView.swift in Sources */ = {isa = PBXBuildFile; fileRef = F08D37902C3DE32700633F53 /* SignInView.swift */; };
		F08D37962C3DEF0900633F53 /* PlacementConfirmationView.swift in Sources */ = {isa = PBXBuildFile; fileRef = F08D37952C3DEF0500633F53 /* PlacementConfirmationView.swift */; };
		F08D37E62C3EF0D500633F53 /* HomeView.swift in Sources */ = {isa = PBXBuildFile; fileRef = F08D37E52C3EF0D300633F53 /* HomeView.swift */; };
		F09102562C4EEA8900F76A56 /* RemoveFromSurfaceView.swift in Sources */ = {isa = PBXBuildFile; fileRef = F09102552C4EEA7700F76A56 /* RemoveFromSurfaceView.swift */; };
		F091025A2C5071F100F76A56 /* PickUpFromSurfaceView.swift in Sources */ = {isa = PBXBuildFile; fileRef = F09102592C5071E600F76A56 /* PickUpFromSurfaceView.swift */; };
		F09345FE2C583FC900D0CA98 /* Workouts.swift in Sources */ = {isa = PBXBuildFile; fileRef = F09345FD2C583FC900D0CA98 /* Workouts.swift */; };
/* End PBXBuildFile section */

/* Begin PBXFileReference section */
		6F23606D2C361E4900AFC164 /* Flex.app */ = {isa = PBXFileReference; explicitFileType = wrapper.application; includeInIndex = 0; path = Flex.app; sourceTree = BUILT_PRODUCTS_DIR; };
		6F2360702C361E4900AFC164 /* FlexApp.swift */ = {isa = PBXFileReference; lastKnownFileType = sourcecode.swift; path = FlexApp.swift; sourceTree = "<group>"; };
		6F2360722C361E4900AFC164 /* BLEPairingView.swift */ = {isa = PBXFileReference; lastKnownFileType = sourcecode.swift; path = BLEPairingView.swift; sourceTree = "<group>"; };
		6F2360742C361E4B00AFC164 /* Assets.xcassets */ = {isa = PBXFileReference; lastKnownFileType = folder.assetcatalog; path = Assets.xcassets; sourceTree = "<group>"; };
		6F378A0E2C376CC200A7D898 /* AccessorySessionManager.swift */ = {isa = PBXFileReference; lastKnownFileType = sourcecode.swift; path = AccessorySessionManager.swift; sourceTree = "<group>"; };
		6F378A102C37A35C00A7D898 /* AccessoryModel.swift */ = {isa = PBXFileReference; lastKnownFileType = sourcecode.swift; path = AccessoryModel.swift; sourceTree = "<group>"; };
		6F378A122C37A3C500A7D898 /* PairedView.swift */ = {isa = PBXFileReference; lastKnownFileType = sourcecode.swift; path = PairedView.swift; sourceTree = "<group>"; };
		6F378A142C37C2EE00A7D898 /* PlacementInstructionView.swift */ = {isa = PBXFileReference; lastKnownFileType = sourcecode.swift; path = PlacementInstructionView.swift; sourceTree = "<group>"; };
		6F378A162C37C34600A7D898 /* AccessoryPosition.swift */ = {isa = PBXFileReference; lastKnownFileType = sourcecode.swift; path = AccessoryPosition.swift; sourceTree = "<group>"; };
		6F378A1E2C37C84500A7D898 /* PlayerView.swift */ = {isa = PBXFileReference; lastKnownFileType = sourcecode.swift; path = PlayerView.swift; sourceTree = "<group>"; };
		6F647D982C3653B90083D69D /* Info.plist */ = {isa = PBXFileReference; lastKnownFileType = text.plist; path = Info.plist; sourceTree = "<group>"; };
		BB4BF6E62C5B2E83004AE705 /* CKUserModel.swift */ = {isa = PBXFileReference; lastKnownFileType = sourcecode.swift; path = CKUserModel.swift; sourceTree = "<group>"; };
		BB4BF6E82C5B2EB0004AE705 /* CKUtility.swift */ = {isa = PBXFileReference; lastKnownFileType = sourcecode.swift; path = CKUtility.swift; sourceTree = "<group>"; };
		BB4BF6EA2C5B2EF3004AE705 /* CKWorkoutModel.swift */ = {isa = PBXFileReference; lastKnownFileType = sourcecode.swift; path = CKWorkoutModel.swift; sourceTree = "<group>"; };
		BB4BF6EC2C5B2F8B004AE705 /* Flex.entitlements */ = {isa = PBXFileReference; lastKnownFileType = text.plist.entitlements; path = Flex.entitlements; sourceTree = "<group>"; };
		BBD59F672C3F364D00549B22 /* PreWorkoutSummaryView.swift */ = {isa = PBXFileReference; lastKnownFileType = sourcecode.swift; path = PreWorkoutSummaryView.swift; sourceTree = "<group>"; };
		BBD59F692C3F36A000549B22 /* WorkoutActiveView.swift */ = {isa = PBXFileReference; lastKnownFileType = sourcecode.swift; path = WorkoutActiveView.swift; sourceTree = "<group>"; };
		BBD59F6B2C3F36B400549B22 /* WorkoutSetBreakView.swift */ = {isa = PBXFileReference; lastKnownFileType = sourcecode.swift; path = WorkoutSetBreakView.swift; sourceTree = "<group>"; };
		BBD59F6D2C3F36C400549B22 /* WorkoutRePlaceView.swift */ = {isa = PBXFileReference; lastKnownFileType = sourcecode.swift; path = WorkoutRePlaceView.swift; sourceTree = "<group>"; };
		F08D371F2C38AD1000633F53 /* PlacementHoldView.swift */ = {isa = PBXFileReference; lastKnownFileType = sourcecode.swift; path = PlacementHoldView.swift; sourceTree = "<group>"; };
		F08D37902C3DE32700633F53 /* SignInView.swift */ = {isa = PBXFileReference; lastKnownFileType = sourcecode.swift; path = SignInView.swift; sourceTree = "<group>"; };
		F08D37952C3DEF0500633F53 /* PlacementConfirmationView.swift */ = {isa = PBXFileReference; lastKnownFileType = sourcecode.swift; path = PlacementConfirmationView.swift; sourceTree = "<group>"; };
		F08D37E52C3EF0D300633F53 /* HomeView.swift */ = {isa = PBXFileReference; lastKnownFileType = sourcecode.swift; path = HomeView.swift; sourceTree = "<group>"; };
		F09102552C4EEA7700F76A56 /* RemoveFromSurfaceView.swift */ = {isa = PBXFileReference; lastKnownFileType = sourcecode.swift; path = RemoveFromSurfaceView.swift; sourceTree = "<group>"; };
		F09102592C5071E600F76A56 /* PickUpFromSurfaceView.swift */ = {isa = PBXFileReference; lastKnownFileType = sourcecode.swift; path = PickUpFromSurfaceView.swift; sourceTree = "<group>"; };
		F09345FD2C583FC900D0CA98 /* Workouts.swift */ = {isa = PBXFileReference; lastKnownFileType = sourcecode.swift; path = Workouts.swift; sourceTree = "<group>"; };
/* End PBXFileReference section */

/* Begin PBXFileSystemSynchronizedBuildFileExceptionSet section */
		6F378A222C37CB4F00A7D898 /* PBXFileSystemSynchronizedBuildFileExceptionSet */ = {
			isa = PBXFileSystemSynchronizedBuildFileExceptionSet;
			membershipExceptions = (
				Orientations.mp4,
			);
			target = 6F23606C2C361E4900AFC164 /* Flex */;
		};
/* End PBXFileSystemSynchronizedBuildFileExceptionSet section */

/* Begin PBXFileSystemSynchronizedRootGroup section */
		6F378A182C37C6E800A7D898 /* Resources */ = {isa = PBXFileSystemSynchronizedRootGroup; exceptions = (6F378A222C37CB4F00A7D898 /* PBXFileSystemSynchronizedBuildFileExceptionSet */, ); explicitFileTypes = {}; explicitFolders = (); path = Resources; sourceTree = "<group>"; };
/* End PBXFileSystemSynchronizedRootGroup section */

/* Begin PBXFrameworksBuildPhase section */
		6F23606A2C361E4900AFC164 /* Frameworks */ = {
			isa = PBXFrameworksBuildPhase;
			buildActionMask = 2147483647;
			files = (
				6F2360802C36354D00AFC164 /* InterfaceOrientation in Frameworks */,
			);
			runOnlyForDeploymentPostprocessing = 0;
		};
/* End PBXFrameworksBuildPhase section */

/* Begin PBXGroup section */
		6F2360642C361E4900AFC164 = {
			isa = PBXGroup;
			children = (
				6F23606F2C361E4900AFC164 /* Flex */,
				6F23606E2C361E4900AFC164 /* Products */,
			);
			sourceTree = "<group>";
		};
		6F23606E2C361E4900AFC164 /* Products */ = {
			isa = PBXGroup;
			children = (
				6F23606D2C361E4900AFC164 /* Flex.app */,
			);
			name = Products;
			sourceTree = "<group>";
		};
		6F23606F2C361E4900AFC164 /* Flex */ = {
			isa = PBXGroup;
			children = (
				BB4BF6EC2C5B2F8B004AE705 /* Flex.entitlements */,
				6F378A182C37C6E800A7D898 /* Resources */,
				6F647D982C3653B90083D69D /* Info.plist */,
				6F2360702C361E4900AFC164 /* FlexApp.swift */,
				6F378A0E2C376CC200A7D898 /* AccessorySessionManager.swift */,
				6F378A162C37C34600A7D898 /* AccessoryPosition.swift */,
				6F378A102C37A35C00A7D898 /* AccessoryModel.swift */,
				6F2360722C361E4900AFC164 /* BLEPairingView.swift */,
				F08D37902C3DE32700633F53 /* SignInView.swift */,
				F08D37E52C3EF0D300633F53 /* HomeView.swift */,
				6F378A1E2C37C84500A7D898 /* PlayerView.swift */,
				6F378A122C37A3C500A7D898 /* PairedView.swift */,
				6F378A142C37C2EE00A7D898 /* PlacementInstructionView.swift */,
				F08D37952C3DEF0500633F53 /* PlacementConfirmationView.swift */,
				F08D371F2C38AD1000633F53 /* PlacementHoldView.swift */,
				BBD59F672C3F364D00549B22 /* PreWorkoutSummaryView.swift */,
				BBD59F692C3F36A000549B22 /* WorkoutActiveView.swift */,
				F09345FD2C583FC900D0CA98 /* Workouts.swift */,
				BBD59F6D2C3F36C400549B22 /* WorkoutRePlaceView.swift */,
				F09102592C5071E600F76A56 /* PickUpFromSurfaceView.swift */,
				F09102552C4EEA7700F76A56 /* RemoveFromSurfaceView.swift */,
				BBD59F6B2C3F36B400549B22 /* WorkoutSetBreakView.swift */,
				BB4BF6E82C5B2EB0004AE705 /* CKUtility.swift */,
				BB4BF6E62C5B2E83004AE705 /* CKUserModel.swift */,
				BB4BF6EA2C5B2EF3004AE705 /* CKWorkoutModel.swift */,
				6F2360742C361E4B00AFC164 /* Assets.xcassets */,
			);
			path = Flex;
			sourceTree = "<group>";
		};
/* End PBXGroup section */

/* Begin PBXNativeTarget section */
		6F23606C2C361E4900AFC164 /* Flex */ = {
			isa = PBXNativeTarget;
			buildConfigurationList = 6F23607B2C361E4B00AFC164 /* Build configuration list for PBXNativeTarget "Flex" */;
			buildPhases = (
				6F2360692C361E4900AFC164 /* Sources */,
				6F23606A2C361E4900AFC164 /* Frameworks */,
				6F23606B2C361E4900AFC164 /* Resources */,
			);
			buildRules = (
			);
			dependencies = (
			);
			name = Flex;
			packageProductDependencies = (
				6F23607F2C36354D00AFC164 /* InterfaceOrientation */,
			);
			productName = Flex;
			productReference = 6F23606D2C361E4900AFC164 /* Flex.app */;
			productType = "com.apple.product-type.application";
		};
/* End PBXNativeTarget section */

/* Begin PBXProject section */
		6F2360652C361E4900AFC164 /* Project object */ = {
			isa = PBXProject;
			attributes = {
				BuildIndependentTargetsInParallel = 1;
				LastSwiftUpdateCheck = 1530;
				LastUpgradeCheck = 1530;
				TargetAttributes = {
					6F23606C2C361E4900AFC164 = {
						CreatedOnToolsVersion = 15.3;
					};
				};
			};
			buildConfigurationList = 6F2360682C361E4900AFC164 /* Build configuration list for PBXProject "Flex" */;
			compatibilityVersion = "Xcode 14.0";
			developmentRegion = en;
			hasScannedForEncodings = 0;
			knownRegions = (
				en,
				Base,
			);
			mainGroup = 6F2360642C361E4900AFC164;
			packageReferences = (
				6F23607E2C36354D00AFC164 /* XCRemoteSwiftPackageReference "swiftui-interface-orientation" */,
			);
			productRefGroup = 6F23606E2C361E4900AFC164 /* Products */;
			projectDirPath = "";
			projectRoot = "";
			targets = (
				6F23606C2C361E4900AFC164 /* Flex */,
			);
		};
/* End PBXProject section */

/* Begin PBXResourcesBuildPhase section */
		6F23606B2C361E4900AFC164 /* Resources */ = {
			isa = PBXResourcesBuildPhase;
			buildActionMask = 2147483647;
			files = (
				6F2360752C361E4B00AFC164 /* Assets.xcassets in Resources */,
			);
			runOnlyForDeploymentPostprocessing = 0;
		};
/* End PBXResourcesBuildPhase section */

/* Begin PBXSourcesBuildPhase section */
		6F2360692C361E4900AFC164 /* Sources */ = {
			isa = PBXSourcesBuildPhase;
			buildActionMask = 2147483647;
			files = (
				6F378A1F2C37C84A00A7D898 /* PlayerView.swift in Sources */,
				F08D37202C38AD1600633F53 /* PlacementHoldView.swift in Sources */,
				BB4BF6E92C5B2EC7004AE705 /* CKUtility.swift in Sources */,
				BB4BF6EB2C5B2EF6004AE705 /* CKWorkoutModel.swift in Sources */,
				F08D37E62C3EF0D500633F53 /* HomeView.swift in Sources */,
				6F378A112C37A35C00A7D898 /* AccessoryModel.swift in Sources */,
				F09102562C4EEA8900F76A56 /* RemoveFromSurfaceView.swift in Sources */,
				F08D37962C3DEF0900633F53 /* PlacementConfirmationView.swift in Sources */,
				BB4BF6E72C5B2E86004AE705 /* CKUserModel.swift in Sources */,
				BBD59F6E2C3F36C400549B22 /* WorkoutRePlaceView.swift in Sources */,
				6F378A152C37C2EE00A7D898 /* PlacementInstructionView.swift in Sources */,
				F091025A2C5071F100F76A56 /* PickUpFromSurfaceView.swift in Sources */,
				6F378A172C37C34C00A7D898 /* AccessoryPosition.swift in Sources */,
				BBD59F682C3F364D00549B22 /* PreWorkoutSummaryView.swift in Sources */,
				BBD59F6A2C3F36A000549B22 /* WorkoutActiveView.swift in Sources */,
				BBD59F6C2C3F36B400549B22 /* WorkoutSetBreakView.swift in Sources */,
				6F378A132C37A3C500A7D898 /* PairedView.swift in Sources */,
				6F378A0F2C376CD900A7D898 /* AccessorySessionManager.swift in Sources */,
				F08D37912C3DE32C00633F53 /* SignInView.swift in Sources */,
				6F2360732C361E4900AFC164 /* BLEPairingView.swift in Sources */,
				F09345FE2C583FC900D0CA98 /* Workouts.swift in Sources */,
				6F2360712C361E4900AFC164 /* FlexApp.swift in Sources */,
			);
			runOnlyForDeploymentPostprocessing = 0;
		};
/* End PBXSourcesBuildPhase section */

/* Begin XCBuildConfiguration section */
		6F2360792C361E4B00AFC164 /* Debug */ = {
			isa = XCBuildConfiguration;
			buildSettings = {
				ALWAYS_SEARCH_USER_PATHS = NO;
				ASSETCATALOG_COMPILER_GENERATE_SWIFT_ASSET_SYMBOL_EXTENSIONS = YES;
				CLANG_ANALYZER_NONNULL = YES;
				CLANG_ANALYZER_NUMBER_OBJECT_CONVERSION = YES_AGGRESSIVE;
				CLANG_CXX_LANGUAGE_STANDARD = "gnu++20";
				CLANG_ENABLE_MODULES = YES;
				CLANG_ENABLE_OBJC_ARC = YES;
				CLANG_ENABLE_OBJC_WEAK = YES;
				CLANG_WARN_BLOCK_CAPTURE_AUTORELEASING = YES;
				CLANG_WARN_BOOL_CONVERSION = YES;
				CLANG_WARN_COMMA = YES;
				CLANG_WARN_CONSTANT_CONVERSION = YES;
				CLANG_WARN_DEPRECATED_OBJC_IMPLEMENTATIONS = YES;
				CLANG_WARN_DIRECT_OBJC_ISA_USAGE = YES_ERROR;
				CLANG_WARN_DOCUMENTATION_COMMENTS = YES;
				CLANG_WARN_EMPTY_BODY = YES;
				CLANG_WARN_ENUM_CONVERSION = YES;
				CLANG_WARN_INFINITE_RECURSION = YES;
				CLANG_WARN_INT_CONVERSION = YES;
				CLANG_WARN_NON_LITERAL_NULL_CONVERSION = YES;
				CLANG_WARN_OBJC_IMPLICIT_RETAIN_SELF = YES;
				CLANG_WARN_OBJC_LITERAL_CONVERSION = YES;
				CLANG_WARN_OBJC_ROOT_CLASS = YES_ERROR;
				CLANG_WARN_QUOTED_INCLUDE_IN_FRAMEWORK_HEADER = YES;
				CLANG_WARN_RANGE_LOOP_ANALYSIS = YES;
				CLANG_WARN_STRICT_PROTOTYPES = YES;
				CLANG_WARN_SUSPICIOUS_MOVE = YES;
				CLANG_WARN_UNGUARDED_AVAILABILITY = YES_AGGRESSIVE;
				CLANG_WARN_UNREACHABLE_CODE = YES;
				CLANG_WARN__DUPLICATE_METHOD_MATCH = YES;
				COPY_PHASE_STRIP = NO;
				DEBUG_INFORMATION_FORMAT = dwarf;
				ENABLE_STRICT_OBJC_MSGSEND = YES;
				ENABLE_TESTABILITY = YES;
				ENABLE_USER_SCRIPT_SANDBOXING = YES;
				GCC_C_LANGUAGE_STANDARD = gnu17;
				GCC_DYNAMIC_NO_PIC = NO;
				GCC_NO_COMMON_BLOCKS = YES;
				GCC_OPTIMIZATION_LEVEL = 0;
				GCC_PREPROCESSOR_DEFINITIONS = (
					"DEBUG=1",
					"$(inherited)",
				);
				GCC_WARN_64_TO_32_BIT_CONVERSION = YES;
				GCC_WARN_ABOUT_RETURN_TYPE = YES_ERROR;
				GCC_WARN_UNDECLARED_SELECTOR = YES;
				GCC_WARN_UNINITIALIZED_AUTOS = YES_AGGRESSIVE;
				GCC_WARN_UNUSED_FUNCTION = YES;
				GCC_WARN_UNUSED_VARIABLE = YES;
				IPHONEOS_DEPLOYMENT_TARGET = 17.4;
				LOCALIZATION_PREFERS_STRING_CATALOGS = YES;
				MTL_ENABLE_DEBUG_INFO = INCLUDE_SOURCE;
				MTL_FAST_MATH = YES;
				ONLY_ACTIVE_ARCH = YES;
				SDKROOT = iphoneos;
				SWIFT_ACTIVE_COMPILATION_CONDITIONS = "DEBUG $(inherited)";
				SWIFT_OPTIMIZATION_LEVEL = "-Onone";
			};
			name = Debug;
		};
		6F23607A2C361E4B00AFC164 /* Release */ = {
			isa = XCBuildConfiguration;
			buildSettings = {
				ALWAYS_SEARCH_USER_PATHS = NO;
				ASSETCATALOG_COMPILER_GENERATE_SWIFT_ASSET_SYMBOL_EXTENSIONS = YES;
				CLANG_ANALYZER_NONNULL = YES;
				CLANG_ANALYZER_NUMBER_OBJECT_CONVERSION = YES_AGGRESSIVE;
				CLANG_CXX_LANGUAGE_STANDARD = "gnu++20";
				CLANG_ENABLE_MODULES = YES;
				CLANG_ENABLE_OBJC_ARC = YES;
				CLANG_ENABLE_OBJC_WEAK = YES;
				CLANG_WARN_BLOCK_CAPTURE_AUTORELEASING = YES;
				CLANG_WARN_BOOL_CONVERSION = YES;
				CLANG_WARN_COMMA = YES;
				CLANG_WARN_CONSTANT_CONVERSION = YES;
				CLANG_WARN_DEPRECATED_OBJC_IMPLEMENTATIONS = YES;
				CLANG_WARN_DIRECT_OBJC_ISA_USAGE = YES_ERROR;
				CLANG_WARN_DOCUMENTATION_COMMENTS = YES;
				CLANG_WARN_EMPTY_BODY = YES;
				CLANG_WARN_ENUM_CONVERSION = YES;
				CLANG_WARN_INFINITE_RECURSION = YES;
				CLANG_WARN_INT_CONVERSION = YES;
				CLANG_WARN_NON_LITERAL_NULL_CONVERSION = YES;
				CLANG_WARN_OBJC_IMPLICIT_RETAIN_SELF = YES;
				CLANG_WARN_OBJC_LITERAL_CONVERSION = YES;
				CLANG_WARN_OBJC_ROOT_CLASS = YES_ERROR;
				CLANG_WARN_QUOTED_INCLUDE_IN_FRAMEWORK_HEADER = YES;
				CLANG_WARN_RANGE_LOOP_ANALYSIS = YES;
				CLANG_WARN_STRICT_PROTOTYPES = YES;
				CLANG_WARN_SUSPICIOUS_MOVE = YES;
				CLANG_WARN_UNGUARDED_AVAILABILITY = YES_AGGRESSIVE;
				CLANG_WARN_UNREACHABLE_CODE = YES;
				CLANG_WARN__DUPLICATE_METHOD_MATCH = YES;
				COPY_PHASE_STRIP = NO;
				DEBUG_INFORMATION_FORMAT = "dwarf-with-dsym";
				ENABLE_NS_ASSERTIONS = NO;
				ENABLE_STRICT_OBJC_MSGSEND = YES;
				ENABLE_USER_SCRIPT_SANDBOXING = YES;
				GCC_C_LANGUAGE_STANDARD = gnu17;
				GCC_NO_COMMON_BLOCKS = YES;
				GCC_WARN_64_TO_32_BIT_CONVERSION = YES;
				GCC_WARN_ABOUT_RETURN_TYPE = YES_ERROR;
				GCC_WARN_UNDECLARED_SELECTOR = YES;
				GCC_WARN_UNINITIALIZED_AUTOS = YES_AGGRESSIVE;
				GCC_WARN_UNUSED_FUNCTION = YES;
				GCC_WARN_UNUSED_VARIABLE = YES;
				IPHONEOS_DEPLOYMENT_TARGET = 17.4;
				LOCALIZATION_PREFERS_STRING_CATALOGS = YES;
				MTL_ENABLE_DEBUG_INFO = NO;
				MTL_FAST_MATH = YES;
				SDKROOT = iphoneos;
				SWIFT_COMPILATION_MODE = wholemodule;
				VALIDATE_PRODUCT = YES;
			};
			name = Release;
		};
		6F23607C2C361E4B00AFC164 /* Debug */ = {
			isa = XCBuildConfiguration;
			buildSettings = {
				ASSETCATALOG_COMPILER_APPICON_NAME = AppIcon;
				ASSETCATALOG_COMPILER_GLOBAL_ACCENT_COLOR_NAME = AccentColor;
				CODE_SIGN_ENTITLEMENTS = Flex/Flex.entitlements;
				CODE_SIGN_STYLE = Automatic;
				CURRENT_PROJECT_VERSION = 1;
				DEVELOPMENT_TEAM = P455JX65K3;
				ENABLE_PREVIEWS = YES;
				GENERATE_INFOPLIST_FILE = YES;
				INFOPLIST_FILE = Flex/Info.plist;
				INFOPLIST_KEY_LSApplicationCategoryType = "";
				INFOPLIST_KEY_UIApplicationSceneManifest_Generation = YES;
				INFOPLIST_KEY_UIApplicationSupportsIndirectInputEvents = YES;
				INFOPLIST_KEY_UILaunchScreen_Generation = YES;
				INFOPLIST_KEY_UISupportedInterfaceOrientations_iPad = "UIInterfaceOrientationPortrait UIInterfaceOrientationPortraitUpsideDown UIInterfaceOrientationLandscapeLeft UIInterfaceOrientationLandscapeRight";
				INFOPLIST_KEY_UISupportedInterfaceOrientations_iPhone = "UIInterfaceOrientationPortrait UIInterfaceOrientationLandscapeLeft UIInterfaceOrientationLandscapeRight";
				IPHONEOS_DEPLOYMENT_TARGET = 18.0;
				LD_RUNPATH_SEARCH_PATHS = (
					"$(inherited)",
					"@executable_path/Frameworks",
				);
				MARKETING_VERSION = 1.0;
				PRODUCT_BUNDLE_IDENTIFIER = "com.sonoma.Flex-6";
				PRODUCT_NAME = "$(TARGET_NAME)";
				SWIFT_EMIT_LOC_STRINGS = YES;
				SWIFT_VERSION = 5.0;
				TARGETED_DEVICE_FAMILY = "1,2";
			};
			name = Debug;
		};
		6F23607D2C361E4B00AFC164 /* Release */ = {
			isa = XCBuildConfiguration;
			buildSettings = {
				ASSETCATALOG_COMPILER_APPICON_NAME = AppIcon;
				ASSETCATALOG_COMPILER_GLOBAL_ACCENT_COLOR_NAME = AccentColor;
				CODE_SIGN_ENTITLEMENTS = Flex/Flex.entitlements;
				CODE_SIGN_STYLE = Automatic;
				CURRENT_PROJECT_VERSION = 1;
				DEVELOPMENT_TEAM = P455JX65K3;
				ENABLE_PREVIEWS = YES;
				GENERATE_INFOPLIST_FILE = YES;
				INFOPLIST_FILE = Flex/Info.plist;
				INFOPLIST_KEY_LSApplicationCategoryType = "";
				INFOPLIST_KEY_UIApplicationSceneManifest_Generation = YES;
				INFOPLIST_KEY_UIApplicationSupportsIndirectInputEvents = YES;
				INFOPLIST_KEY_UILaunchScreen_Generation = YES;
				INFOPLIST_KEY_UISupportedInterfaceOrientations_iPad = "UIInterfaceOrientationPortrait UIInterfaceOrientationPortraitUpsideDown UIInterfaceOrientationLandscapeLeft UIInterfaceOrientationLandscapeRight";
				INFOPLIST_KEY_UISupportedInterfaceOrientations_iPhone = "UIInterfaceOrientationPortrait UIInterfaceOrientationLandscapeLeft UIInterfaceOrientationLandscapeRight";
				IPHONEOS_DEPLOYMENT_TARGET = 18.0;
				LD_RUNPATH_SEARCH_PATHS = (
					"$(inherited)",
					"@executable_path/Frameworks",
				);
				MARKETING_VERSION = 1.0;
				PRODUCT_BUNDLE_IDENTIFIER = "com.sonoma.Flex-6";
				PRODUCT_NAME = "$(TARGET_NAME)";
				SWIFT_EMIT_LOC_STRINGS = YES;
				SWIFT_VERSION = 5.0;
				TARGETED_DEVICE_FAMILY = "1,2";
			};
			name = Release;
		};
/* End XCBuildConfiguration section */

/* Begin XCConfigurationList section */
		6F2360682C361E4900AFC164 /* Build configuration list for PBXProject "Flex" */ = {
			isa = XCConfigurationList;
			buildConfigurations = (
				6F2360792C361E4B00AFC164 /* Debug */,
				6F23607A2C361E4B00AFC164 /* Release */,
			);
			defaultConfigurationIsVisible = 0;
			defaultConfigurationName = Release;
		};
		6F23607B2C361E4B00AFC164 /* Build configuration list for PBXNativeTarget "Flex" */ = {
			isa = XCConfigurationList;
			buildConfigurations = (
				6F23607C2C361E4B00AFC164 /* Debug */,
				6F23607D2C361E4B00AFC164 /* Release */,
			);
			defaultConfigurationIsVisible = 0;
			defaultConfigurationName = Release;
		};
/* End XCConfigurationList section */

/* Begin XCRemoteSwiftPackageReference section */
		6F23607E2C36354D00AFC164 /* XCRemoteSwiftPackageReference "swiftui-interface-orientation" */ = {
			isa = XCRemoteSwiftPackageReference;
			repositoryURL = "https://github.com/wvteijlingen/swiftui-interface-orientation";
			requirement = {
				kind = upToNextMajorVersion;
				minimumVersion = 1.0.0;
			};
		};
/* End XCRemoteSwiftPackageReference section */

/* Begin XCSwiftPackageProductDependency section */
		6F23607F2C36354D00AFC164 /* InterfaceOrientation */ = {
			isa = XCSwiftPackageProductDependency;
			package = 6F23607E2C36354D00AFC164 /* XCRemoteSwiftPackageReference "swiftui-interface-orientation" */;
			productName = InterfaceOrientation;
		};
/* End XCSwiftPackageProductDependency section */
	};
	rootObject = 6F2360652C361E4900AFC164 /* Project object */;
}
